
Microsoft Visual Studio Solution File, Format Version 12.00
# Visual Studio Version 17
VisualStudioVersion = 17.11.35327.3
MinimumVisualStudioVersion = 10.0.40219.1
Project("{FAE04EC0-301F-11D3-BF4B-00C04F79EFBC}") = "TrabajoApi", "TrabajoApi\TrabajoApi.csproj", "{4D8D0962-6156-4991-B1E3-64AA878CE804}"
EndProject
Global
	GlobalSection(SolutionConfigurationPlatforms) = preSolution
		Debug|Any CPU = Debug|Any CPU
		Release|Any CPU = Release|Any CPU
	EndGlobalSection
	GlobalSection(ProjectConfigurationPlatforms) = postSolution
		{4D8D0962-6156-4991-B1E3-64AA878CE804}.Debug|Any CPU.ActiveCfg = Debug|Any CPU
		{4D8D0962-6156-4991-B1E3-64AA878CE804}.Debug|Any CPU.Build.0 = Debug|Any CPU
		{4D8D0962-6156-4991-B1E3-64AA878CE804}.Release|Any CPU.ActiveCfg = Release|Any CPU
		{4D8D0962-6156-4991-B1E3-64AA878CE804}.Release|Any CPU.Build.0 = Release|Any CPU
	EndGlobalSection
	GlobalSection(SolutionProperties) = preSolution
		HideSolutionNode = FALSE
	EndGlobalSection
	GlobalSection(ExtensibilityGlobals) = postSolution
		SolutionGuid = {12B75605-C519-4D55-97E5-B0B159A2CF30}
	EndGlobalSection
EndGlobal
